
Microsoft Visual Studio Solution File, Format Version 12.00
# Visual Studio Version 17
VisualStudioVersion = 17.5.002.0
MinimumVisualStudioVersion = 10.0.40219.1
Project("{9A19103F-16F7-4668-BE54-9A1E7A4F7556}") = "SortableApp", "SortableApp.csproj", "{7ACBC40F-043D-40B2-99C8-F2F2725618C3}"
EndProject
Global
	GlobalSection(SolutionConfigurationPlatforms) = preSolution
		Debug|Any CPU = Debug|Any CPU
		Release|Any CPU = Release|Any CPU
	EndGlobalSection
	GlobalSection(ProjectConfigurationPlatforms) = postSolution
		{7ACBC40F-043D-40B2-99C8-F2F2725618C3}.Debug|Any CPU.ActiveCfg = Debug|Any CPU
		{7ACBC40F-043D-40B2-99C8-F2F2725618C3}.Debug|Any CPU.Build.0 = Debug|Any CPU
		{7ACBC40F-043D-40B2-99C8-F2F2725618C3}.Release|Any CPU.ActiveCfg = Release|Any CPU
		{7ACBC40F-043D-40B2-99C8-F2F2725618C3}.Release|Any CPU.Build.0 = Release|Any CPU
	EndGlobalSection
	GlobalSection(SolutionProperties) = preSolution
		HideSolutionNode = FALSE
	EndGlobalSection
	GlobalSection(ExtensibilityGlobals) = postSolution
		SolutionGuid = {F3052844-157E-43D5-833D-0103FA48EE03}
	EndGlobalSection
EndGlobal
